<?xml version="1.0" encoding="utf-8"?>
<Project ToolsVersion="4.0" xmlns="http://schemas.microsoft.com/developer/msbuild/2003">
  <ItemGroup>
    <ClCompile Include="main.cpp" />
    <ClCompile Include="application.cpp" />
    <ClCompile Include="simple_triangle.cpp" />
    <ClCompile Include="modules\gl3w\src\gl3w.c" />
    <ClCompile Include="cornell_box.cpp" />
  </ItemGroup>
  <ItemGroup>
    <ClInclude Include="application.h" />
    <ClInclude Include="simple_triangle.h" />
    <ClInclude Include="cornell_box.h" />
  </ItemGroup>
  <ItemGroup>
    <None Include="shaders\cornell_box\vs.glsl" />
    <None Include="shaders\cornell_box\fs.glsl" />
    <None Include="shaders\cornell_box\tcs.glsl" />
    <None Include="shaders\cornell_box\tes.glsl" />
  </ItemGroup>
</Project>